<?xml version="1.0" encoding="utf-8"?>
<Project ToolsVersion="4.0" xmlns="http://schemas.microsoft.com/developer/msbuild/2003">
  <ItemGroup>
    <Filter Include="소스 파일">
      <UniqueIdentifier>{4FC737F1-C7A5-4376-A066-2A32D752A2FF}</UniqueIdentifier>
      <Extensions>cpp;c;cc;cxx;c++;cppm;ixx;def;odl;idl;hpj;bat;asm;asmx</Extensions>
    </Filter>
    <Filter Include="헤더 파일">
      <UniqueIdentifier>{93995380-89BD-4b04-88EB-625FBE52EBFB}</UniqueIdentifier>
      <Extensions>h;hh;hpp;hxx;h++;hm;inl;inc;ipp;xsd</Extensions>
    </Filter>
    <Filter Include="리소스 파일">
      <UniqueIdentifier>{67DA6AB6-F800-4c08-8B7A-83BB121AAD01}</UniqueIdentifier>
      <Extensions>rc;ico;cur;bmp;dlg;rc2;rct;bin;rgs;gif;jpg;jpeg;jpe;resx;tiff;tif;png;wav;mfcribbon-ms</Extensions>
    </Filter>
    <Filter Include="C++">
      <UniqueIdentifier>{c45ab196-56a7-48f9-b287-c91dc087a27b}</UniqueIdentifier>
    </Filter>
    <Filter Include="STL">
      <UniqueIdentifier>{7ea1e72e-75d0-4db7-a169-d19acbafcc3d}</UniqueIdentifier>
    </Filter>
    <Filter Include="C++\00. namespace">
      <UniqueIdentifier>{a3b208a2-1c87-442a-8f72-6deb839e3064}</UniqueIdentifier>
    </Filter>
    <Filter Include="C++\01. macro %28define%29">
      <UniqueIdentifier>{8630108e-9285-48c6-89d0-8049ac43cb67}</UniqueIdentifier>
    </Filter>
    <Filter Include="C++\02. inline">
      <UniqueIdentifier>{8c21e7c7-df97-4bd2-bd74-ffd5a4ac4c17}</UniqueIdentifier>
    </Filter>
    <Filter Include="C++\03. new">
      <UniqueIdentifier>{1fde9c2a-baa8-47d2-bf24-1730eff0f314}</UniqueIdentifier>
    </Filter>
    <Filter Include="C++\04. ref">
      <UniqueIdentifier>{e18acc02-ec8b-4047-915b-0fbad1cc54e4}</UniqueIdentifier>
    </Filter>
    <Filter Include="C++\05. class">
      <UniqueIdentifier>{c2475633-3c88-4ff3-a781-7b48476a30b5}</UniqueIdentifier>
    </Filter>
    <Filter Include="C++\06. RAII">
      <UniqueIdentifier>{a4c2dbd6-55ea-4f24-8ab4-6bdc1ea2e4b2}</UniqueIdentifier>
    </Filter>
  </ItemGroup>
  <ItemGroup>
    <ClCompile Include="01_namespace.cpp">
      <Filter>C++\00. namespace</Filter>
    </ClCompile>
    <ClCompile Include="02_namespace.cpp">
      <Filter>C++\00. namespace</Filter>
    </ClCompile>
    <ClCompile Include="03_using.cpp">
      <Filter>C++\00. namespace</Filter>
    </ClCompile>
    <ClCompile Include="macro.cpp">
      <Filter>C++\01. macro %28define%29</Filter>
    </ClCompile>
    <ClCompile Include="01_inline.cpp">
      <Filter>C++\02. inline</Filter>
    </ClCompile>
    <ClCompile Include="02_inline.cpp">
      <Filter>C++\02. inline</Filter>
    </ClCompile>
    <ClCompile Include="02_new.cpp">
      <Filter>C++\03. new</Filter>
    </ClCompile>
    <ClCompile Include="01_malloc.cpp">
      <Filter>C++\03. new</Filter>
    </ClCompile>
    <ClCompile Include="03_new\03_new_delete.cpp">
      <Filter>C++\03. new</Filter>
    </ClCompile>
    <ClCompile Include="04_new_struct.cpp">
      <Filter>C++\03. new</Filter>
    </ClCompile>
    <ClCompile Include="05_new_class.cpp">
      <Filter>C++\03. new</Filter>
    </ClCompile>
    <ClCompile Include="new_array.cpp">
      <Filter>C++\03. new</Filter>
    </ClCompile>
    <ClCompile Include="01_ref.cpp">
      <Filter>C++\04. ref</Filter>
    </ClCompile>
    <ClCompile Include="02_ref_arr.cpp">
      <Filter>C++\04. ref</Filter>
    </ClCompile>
    <ClCompile Include="03_ref_pointer.cpp">
      <Filter>C++\04. ref</Filter>
    </ClCompile>
    <ClCompile Include="04_ref_function.cpp">
      <Filter>C++\04. ref</Filter>
    </ClCompile>
    <ClCompile Include="05_ref_dangling.cpp">
      <Filter>C++\04. ref</Filter>
    </ClCompile>
    <ClCompile Include="01_class.cpp">
      <Filter>C++\05. class</Filter>
    </ClCompile>
    <ClCompile Include="02_Inheritance.cpp">
      <Filter>C++\05. class</Filter>
    </ClCompile>
    <ClCompile Include="03_memberInit.cpp">
      <Filter>C++\05. class</Filter>
    </ClCompile>
    <ClCompile Include="04_referenceMember.cpp">
      <Filter>C++\05. class</Filter>
    </ClCompile>
    <ClCompile Include="01_shallow_copy.cpp">
      <Filter>C++\06. RAII</Filter>
    </ClCompile>
    <ClCompile Include="02_deep_copy.cpp">
      <Filter>C++\06. RAII</Filter>
    </ClCompile>
    <ClCompile Include="03_RAII.cpp">
      <Filter>C++\06. RAII</Filter>
    </ClCompile>
    <ClCompile Include="05_specialMember.cpp">
      <Filter>C++\05. class</Filter>
    </ClCompile>
  </ItemGroup>
  <ItemGroup>
    <ClInclude Include="01_inline.h">
      <Filter>C++\02. inline</Filter>
    </ClInclude>
  </ItemGroup>
</Project>